
Microsoft Visual Studio Solution File, Format Version 12.00
# Visual Studio Version 17
VisualStudioVersion = 17.10.34928.147
MinimumVisualStudioVersion = 10.0.40219.1
Project("{888888A0-9F3D-457C-B088-3A5042F75D52}") = "Simple_data_types_01", "Simple_data_types_01\Simple_data_types_01.pyproj", "{ACA853B2-7E92-44A9-8330-0B98EDB057D7}"
EndProject
Global
	GlobalSection(SolutionConfigurationPlatforms) = preSolution
		Debug|Any CPU = Debug|Any CPU
		Release|Any CPU = Release|Any CPU
	EndGlobalSection
	GlobalSection(ProjectConfigurationPlatforms) = postSolution
		{ACA853B2-7E92-44A9-8330-0B98EDB057D7}.Debug|Any CPU.ActiveCfg = Debug|Any CPU
		{ACA853B2-7E92-44A9-8330-0B98EDB057D7}.Release|Any CPU.ActiveCfg = Release|Any CPU
	EndGlobalSection
	GlobalSection(SolutionProperties) = preSolution
		HideSolutionNode = FALSE
	EndGlobalSection
	GlobalSection(ExtensibilityGlobals) = postSolution
		SolutionGuid = {44165F76-A2A5-4C08-87ED-5B8526244C02}
	EndGlobalSection
EndGlobal
