
Microsoft Visual Studio Solution File, Format Version 12.00
# Visual Studio Version 17
VisualStudioVersion = 17.10.35027.167
MinimumVisualStudioVersion = 10.0.40219.1
Project("{888888A0-9F3D-457C-B088-3A5042F75D52}") = "001", "001\001.pyproj", "{E9571BA0-543E-4131-84DF-497C388C245D}"
EndProject
Project("{888888A0-9F3D-457C-B088-3A5042F75D52}") = "Homework_01", "Homework_01\Homework_01.pyproj", "{DC76EF25-F875-4021-A2A5-F989A23B5252}"
EndProject
Project("{888888A0-9F3D-457C-B088-3A5042F75D52}") = "Homework_02", "Homework_02\Homework_02.pyproj", "{AAE1F075-389A-4A0F-9BB0-C666113C1409}"
EndProject
Global
	GlobalSection(SolutionConfigurationPlatforms) = preSolution
		Debug|Any CPU = Debug|Any CPU
		Release|Any CPU = Release|Any CPU
	EndGlobalSection
	GlobalSection(ProjectConfigurationPlatforms) = postSolution
		{E9571BA0-543E-4131-84DF-497C388C245D}.Debug|Any CPU.ActiveCfg = Debug|Any CPU
		{E9571BA0-543E-4131-84DF-497C388C245D}.Release|Any CPU.ActiveCfg = Release|Any CPU
		{DC76EF25-F875-4021-A2A5-F989A23B5252}.Debug|Any CPU.ActiveCfg = Debug|Any CPU
		{DC76EF25-F875-4021-A2A5-F989A23B5252}.Release|Any CPU.ActiveCfg = Release|Any CPU
		{AAE1F075-389A-4A0F-9BB0-C666113C1409}.Debug|Any CPU.ActiveCfg = Debug|Any CPU
		{AAE1F075-389A-4A0F-9BB0-C666113C1409}.Release|Any CPU.ActiveCfg = Release|Any CPU
	EndGlobalSection
	GlobalSection(SolutionProperties) = preSolution
		HideSolutionNode = FALSE
	EndGlobalSection
	GlobalSection(ExtensibilityGlobals) = postSolution
		SolutionGuid = {73662C85-6FAB-4C36-8955-7A676FC1A719}
	EndGlobalSection
EndGlobal
