
Microsoft Visual Studio Solution File, Format Version 12.00
# Visual Studio Version 17
VisualStudioVersion = 17.10.35027.167
MinimumVisualStudioVersion = 10.0.40219.1
Project("{888888A0-9F3D-457C-B088-3A5042F75D52}") = "001", "001\001.pyproj", "{D376C40C-04AD-4B2E-B0CC-7D0BA3922FA8}"
EndProject
Global
	GlobalSection(SolutionConfigurationPlatforms) = preSolution
		Debug|Any CPU = Debug|Any CPU
		Release|Any CPU = Release|Any CPU
	EndGlobalSection
	GlobalSection(ProjectConfigurationPlatforms) = postSolution
		{D376C40C-04AD-4B2E-B0CC-7D0BA3922FA8}.Debug|Any CPU.ActiveCfg = Debug|Any CPU
		{D376C40C-04AD-4B2E-B0CC-7D0BA3922FA8}.Release|Any CPU.ActiveCfg = Release|Any CPU
	EndGlobalSection
	GlobalSection(SolutionProperties) = preSolution
		HideSolutionNode = FALSE
	EndGlobalSection
	GlobalSection(ExtensibilityGlobals) = postSolution
		SolutionGuid = {78F996EE-08DF-4C72-AECF-6B297D9CEB4F}
	EndGlobalSection
EndGlobal
