
Microsoft Visual Studio Solution File, Format Version 12.00
# Visual Studio Version 17
VisualStudioVersion = 17.10.35027.167
MinimumVisualStudioVersion = 10.0.40219.1
Project("{888888A0-9F3D-457C-B088-3A5042F75D52}") = "Lesson", "Lesson\Lesson.pyproj", "{E00ADA1E-77A1-4889-87C2-7115B311E88A}"
EndProject
Project("{888888A0-9F3D-457C-B088-3A5042F75D52}") = "Homework_01", "Homework_01\Homework_01.pyproj", "{FFAD037E-224C-45B1-BD5E-8B8C20CA79E4}"
EndProject
Project("{888888A0-9F3D-457C-B088-3A5042F75D52}") = "Homework_02", "Homework_02\Homework_02.pyproj", "{763769CC-BDE9-41DA-AFD9-6F858E3D43F9}"
EndProject
Global
	GlobalSection(SolutionConfigurationPlatforms) = preSolution
		Debug|Any CPU = Debug|Any CPU
		Release|Any CPU = Release|Any CPU
	EndGlobalSection
	GlobalSection(ProjectConfigurationPlatforms) = postSolution
		{E00ADA1E-77A1-4889-87C2-7115B311E88A}.Debug|Any CPU.ActiveCfg = Debug|Any CPU
		{E00ADA1E-77A1-4889-87C2-7115B311E88A}.Release|Any CPU.ActiveCfg = Release|Any CPU
		{FFAD037E-224C-45B1-BD5E-8B8C20CA79E4}.Debug|Any CPU.ActiveCfg = Debug|Any CPU
		{FFAD037E-224C-45B1-BD5E-8B8C20CA79E4}.Release|Any CPU.ActiveCfg = Release|Any CPU
		{763769CC-BDE9-41DA-AFD9-6F858E3D43F9}.Debug|Any CPU.ActiveCfg = Debug|Any CPU
		{763769CC-BDE9-41DA-AFD9-6F858E3D43F9}.Release|Any CPU.ActiveCfg = Release|Any CPU
	EndGlobalSection
	GlobalSection(SolutionProperties) = preSolution
		HideSolutionNode = FALSE
	EndGlobalSection
	GlobalSection(ExtensibilityGlobals) = postSolution
		SolutionGuid = {ABE24779-8CD0-474A-A307-0C1422BA9BF6}
	EndGlobalSection
EndGlobal
